// !$*UTF8*$!
{
	archiveVersion = 1;
	classes = {
	};
	objectVersion = 56;
	objects = {

/* Begin PBXBuildFile section */
		680744D029E80B960020CC0E /* UserService.swift in Sources */ = {isa = PBXBuildFile; fileRef = 680744CF29E80B960020CC0E /* UserService.swift */; };
		681A2F732A0E880000339C2F /* SimpleMapAnnotation.swift in Sources */ = {isa = PBXBuildFile; fileRef = 681A2F722A0E880000339C2F /* SimpleMapAnnotation.swift */; };
		6820BAEC2A08EC8700A3854D /* Category.swift in Sources */ = {isa = PBXBuildFile; fileRef = 6820BAEB2A08EC8700A3854D /* Category.swift */; };
		6820BAEF2A08FE0700A3854D /* Explore.swift in Sources */ = {isa = PBXBuildFile; fileRef = 6820BAEE2A08FE0700A3854D /* Explore.swift */; };
		6820BAF12A0920B100A3854D /* EventElement.swift in Sources */ = {isa = PBXBuildFile; fileRef = 6820BAF02A0920B100A3854D /* EventElement.swift */; };
		6820BAF52A093EF900A3854D /* CategoryRow.swift in Sources */ = {isa = PBXBuildFile; fileRef = 6820BAF42A093EF900A3854D /* CategoryRow.swift */; };
		682F555329F178D900C12DD6 /* InfoEventViewController.swift in Sources */ = {isa = PBXBuildFile; fileRef = 682F555129F178D900C12DD6 /* InfoEventViewController.swift */; };
		682F555429F178D900C12DD6 /* InfoEventViewController.xib in Resources */ = {isa = PBXBuildFile; fileRef = 682F555229F178D900C12DD6 /* InfoEventViewController.xib */; };
		6835909C29E7E35200C4BD00 /* TabBarViewController.swift in Sources */ = {isa = PBXBuildFile; fileRef = 6835909A29E7E35200C4BD00 /* TabBarViewController.swift */; };
		6835909D29E7E35200C4BD00 /* TabBarViewController.xib in Resources */ = {isa = PBXBuildFile; fileRef = 6835909B29E7E35200C4BD00 /* TabBarViewController.xib */; };
		683D647F29E6A2C200DA2247 /* HomeViewController.swift in Sources */ = {isa = PBXBuildFile; fileRef = 683D647D29E6A2C200DA2247 /* HomeViewController.swift */; };
		683D648029E6A2C200DA2247 /* HomeViewController.xib in Resources */ = {isa = PBXBuildFile; fileRef = 683D647E29E6A2C200DA2247 /* HomeViewController.xib */; };
		683D648229E6A2DB00DA2247 /* HomePresenter.swift in Sources */ = {isa = PBXBuildFile; fileRef = 683D648129E6A2DB00DA2247 /* HomePresenter.swift */; };
		683D648429E6A31E00DA2247 /* EventService.swift in Sources */ = {isa = PBXBuildFile; fileRef = 683D648329E6A31E00DA2247 /* EventService.swift */; };
		683D648729E6B18B00DA2247 /* GoogleSignIn in Frameworks */ = {isa = PBXBuildFile; productRef = 683D648629E6B18B00DA2247 /* GoogleSignIn */; };
		683D648929E6B18B00DA2247 /* GoogleSignInSwift in Frameworks */ = {isa = PBXBuildFile; productRef = 683D648829E6B18B00DA2247 /* GoogleSignInSwift */; };
		683D648D29E6C22700DA2247 /* ProfileViewController.swift in Sources */ = {isa = PBXBuildFile; fileRef = 683D648B29E6C22700DA2247 /* ProfileViewController.swift */; };
		683D648E29E6C22700DA2247 /* ProfileViewController.xib in Resources */ = {isa = PBXBuildFile; fileRef = 683D648C29E6C22700DA2247 /* ProfileViewController.xib */; };
		683D649029E6C25100DA2247 /* ProfilePresenter.swift in Sources */ = {isa = PBXBuildFile; fileRef = 683D648F29E6C25100DA2247 /* ProfilePresenter.swift */; };
		68541A8129E69A5F00BC39DD /* Assets.xcassets in Resources */ = {isa = PBXBuildFile; fileRef = 68541A8029E69A5F00BC39DD /* Assets.xcassets */; };
		68541A8429E69A5F00BC39DD /* LaunchScreen.storyboard in Resources */ = {isa = PBXBuildFile; fileRef = 68541A8229E69A5F00BC39DD /* LaunchScreen.storyboard */; };
		68541A9529E69A9600BC39DD /* LoginService.swift in Sources */ = {isa = PBXBuildFile; fileRef = 68541A8C29E69A9500BC39DD /* LoginService.swift */; };
		68541A9629E69A9600BC39DD /* UserModel.swift in Sources */ = {isa = PBXBuildFile; fileRef = 68541A8E29E69A9500BC39DD /* UserModel.swift */; };
		68541A9729E69A9600BC39DD /* LoginViewController.swift in Sources */ = {isa = PBXBuildFile; fileRef = 68541A9029E69A9500BC39DD /* LoginViewController.swift */; };
		68541A9829E69A9600BC39DD /* LoginPresenter.swift in Sources */ = {isa = PBXBuildFile; fileRef = 68541A9129E69A9500BC39DD /* LoginPresenter.swift */; };
		68541A9929E69A9600BC39DD /* SignInViewController.swift in Sources */ = {isa = PBXBuildFile; fileRef = 68541A9229E69A9500BC39DD /* SignInViewController.swift */; };
		68541A9A29E69A9600BC39DD /* UserDefaultsManager.swift in Sources */ = {isa = PBXBuildFile; fileRef = 68541A9429E69A9500BC39DD /* UserDefaultsManager.swift */; };
		68541A9F29E69AC300BC39DD /* Main.storyboard in Resources */ = {isa = PBXBuildFile; fileRef = 68541A9B29E69AC100BC39DD /* Main.storyboard */; };
		68541AA129E69AC300BC39DD /* AppDelegate.swift in Sources */ = {isa = PBXBuildFile; fileRef = 68541A9D29E69AC200BC39DD /* AppDelegate.swift */; };
		68541AA229E69AC300BC39DD /* SceneDelegate.swift in Sources */ = {isa = PBXBuildFile; fileRef = 68541A9E29E69AC300BC39DD /* SceneDelegate.swift */; };
		68541AA429E69B4C00BC39DD /* GoogleService-Info.plist in Resources */ = {isa = PBXBuildFile; fileRef = 68541AA329E69B4C00BC39DD /* GoogleService-Info.plist */; };
		68541AA729E69C7B00BC39DD /* FirebaseAnalyticsWithoutAdIdSupport in Frameworks */ = {isa = PBXBuildFile; productRef = 68541AA629E69C7B00BC39DD /* FirebaseAnalyticsWithoutAdIdSupport */; };
		68541AA929E69C7B00BC39DD /* FirebaseAuth in Frameworks */ = {isa = PBXBuildFile; productRef = 68541AA829E69C7B00BC39DD /* FirebaseAuth */; };
		68541AAB29E69C7B00BC39DD /* FirebaseAuthCombine-Community in Frameworks */ = {isa = PBXBuildFile; productRef = 68541AAA29E69C7B00BC39DD /* FirebaseAuthCombine-Community */; };
		68541AAD29E69C7B00BC39DD /* FirebaseCrashlytics in Frameworks */ = {isa = PBXBuildFile; productRef = 68541AAC29E69C7B00BC39DD /* FirebaseCrashlytics */; };
		6881E25229EEF49200FFE107 /* ChooseLocationViewController.swift in Sources */ = {isa = PBXBuildFile; fileRef = 6881E25029EEF49200FFE107 /* ChooseLocationViewController.swift */; };
		6881E25329EEF49200FFE107 /* ChooseLocationViewController.xib in Resources */ = {isa = PBXBuildFile; fileRef = 6881E25129EEF49200FFE107 /* ChooseLocationViewController.xib */; };
		6884D16D2A1B940E004C9DCE /* InvitationViewController.swift in Sources */ = {isa = PBXBuildFile; fileRef = 6884D16B2A1B940E004C9DCE /* InvitationViewController.swift */; };
		6884D16E2A1B940E004C9DCE /* InvitationViewController.xib in Resources */ = {isa = PBXBuildFile; fileRef = 6884D16C2A1B940E004C9DCE /* InvitationViewController.xib */; };
		6884D1712A1B95BF004C9DCE /* InvitationTableViewCell.swift in Sources */ = {isa = PBXBuildFile; fileRef = 6884D16F2A1B95BF004C9DCE /* InvitationTableViewCell.swift */; };
		6884D1722A1B95BF004C9DCE /* InvitationTableViewCell.xib in Resources */ = {isa = PBXBuildFile; fileRef = 6884D1702A1B95BF004C9DCE /* InvitationTableViewCell.xib */; };
		688AD73729ED806300A6621B /* CreateViewController.xib in Resources */ = {isa = PBXBuildFile; fileRef = 688AD73629ED806300A6621B /* CreateViewController.xib */; };
		688AD73929ED832A00A6621B /* EventModel.swift in Sources */ = {isa = PBXBuildFile; fileRef = 688AD73829ED832A00A6621B /* EventModel.swift */; };
		689C419D29ED4F3600186B21 /* PresenterManager.swift in Sources */ = {isa = PBXBuildFile; fileRef = 689C419C29ED4F3600186B21 /* PresenterManager.swift */; };
		689C419F29ED54B100186B21 /* LoginViewController.xib in Resources */ = {isa = PBXBuildFile; fileRef = 689C419E29ED54B100186B21 /* LoginViewController.xib */; };
		689C41A129ED54C800186B21 /* SignInViewController.xib in Resources */ = {isa = PBXBuildFile; fileRef = 689C41A029ED54C800186B21 /* SignInViewController.xib */; };
		68A6CC8929F90BFA000A3FB9 /* EventMapAnnotation.swift in Sources */ = {isa = PBXBuildFile; fileRef = 68A6CC8829F90BFA000A3FB9 /* EventMapAnnotation.swift */; };
		68AD57D82A1CE915009F788F /* UserTableViewCell.swift in Sources */ = {isa = PBXBuildFile; fileRef = 68AD57D62A1CE915009F788F /* UserTableViewCell.swift */; };
		68AD57D92A1CE915009F788F /* UserTableViewCell.xib in Resources */ = {isa = PBXBuildFile; fileRef = 68AD57D72A1CE915009F788F /* UserTableViewCell.xib */; };
		68AD57DC2A1CECCE009F788F /* UserListViewController.swift in Sources */ = {isa = PBXBuildFile; fileRef = 68AD57DA2A1CECCE009F788F /* UserListViewController.swift */; };
		68AD57DD2A1CECCE009F788F /* UserListViewController.xib in Resources */ = {isa = PBXBuildFile; fileRef = 68AD57DB2A1CECCE009F788F /* UserListViewController.xib */; };
		68AD57DF2A1D0E7A009F788F /* InvitationPresenter.swift in Sources */ = {isa = PBXBuildFile; fileRef = 68AD57DE2A1D0E7A009F788F /* InvitationPresenter.swift */; };
		68B7D55A2A1E4D38003302B4 /* InvitationModel.swift in Sources */ = {isa = PBXBuildFile; fileRef = 68B7D5592A1E4D38003302B4 /* InvitationModel.swift */; };
		68DD018829E946950054EC0E /* EventTableViewCell.swift in Sources */ = {isa = PBXBuildFile; fileRef = 68DD018629E946950054EC0E /* EventTableViewCell.swift */; };
		68DD018929E946950054EC0E /* EventTableViewCell.xib in Resources */ = {isa = PBXBuildFile; fileRef = 68DD018729E946950054EC0E /* EventTableViewCell.xib */; };
		68DD018C29E9816C0054EC0E /* CreateViewController.swift in Sources */ = {isa = PBXBuildFile; fileRef = 68DD018A29E9816C0054EC0E /* CreateViewController.swift */; };
		68DD018F29E982010054EC0E /* EventPresenter.swift in Sources */ = {isa = PBXBuildFile; fileRef = 68DD018E29E982010054EC0E /* EventPresenter.swift */; };
		68EA2E0A2A04F3CB000CB8B4 /* EventListViewController.swift in Sources */ = {isa = PBXBuildFile; fileRef = 68EA2E082A04F3CB000CB8B4 /* EventListViewController.swift */; };
		68EA2E0B2A04F3CB000CB8B4 /* EventListViewController.xib in Resources */ = {isa = PBXBuildFile; fileRef = 68EA2E092A04F3CB000CB8B4 /* EventListViewController.xib */; };
		68EA2E0E2A050536000CB8B4 /* ScannerViewController.swift in Sources */ = {isa = PBXBuildFile; fileRef = 68EA2E0C2A050536000CB8B4 /* ScannerViewController.swift */; };
		68EA2E0F2A050536000CB8B4 /* ScannerViewController.xib in Resources */ = {isa = PBXBuildFile; fileRef = 68EA2E0D2A050536000CB8B4 /* ScannerViewController.xib */; };
		68EA2E122A050739000CB8B4 /* ScannerPresenter.swift in Sources */ = {isa = PBXBuildFile; fileRef = 68EA2E112A050739000CB8B4 /* ScannerPresenter.swift */; };
		68EB19CE2A210E350012F742 /* ForgotPwViewController.swift in Sources */ = {isa = PBXBuildFile; fileRef = 68EB19CC2A210E350012F742 /* ForgotPwViewController.swift */; };
		68EB19CF2A210E350012F742 /* ForgotPwViewController.xib in Resources */ = {isa = PBXBuildFile; fileRef = 68EB19CD2A210E350012F742 /* ForgotPwViewController.xib */; };
		68FB7D2E2A175C0700ED797C /* CustomTextField.swift in Sources */ = {isa = PBXBuildFile; fileRef = 68FB7D2D2A175C0700ED797C /* CustomTextField.swift */; };
/* End PBXBuildFile section */

/* Begin PBXFileReference section */
		680744CF29E80B960020CC0E /* UserService.swift */ = {isa = PBXFileReference; lastKnownFileType = sourcecode.swift; path = UserService.swift; sourceTree = "<group>"; };
		681A2F722A0E880000339C2F /* SimpleMapAnnotation.swift */ = {isa = PBXFileReference; lastKnownFileType = sourcecode.swift; path = SimpleMapAnnotation.swift; sourceTree = "<group>"; };
		6820BAEB2A08EC8700A3854D /* Category.swift */ = {isa = PBXFileReference; lastKnownFileType = sourcecode.swift; path = Category.swift; sourceTree = "<group>"; };
		6820BAEE2A08FE0700A3854D /* Explore.swift */ = {isa = PBXFileReference; lastKnownFileType = sourcecode.swift; path = Explore.swift; sourceTree = "<group>"; };
		6820BAF02A0920B100A3854D /* EventElement.swift */ = {isa = PBXFileReference; lastKnownFileType = sourcecode.swift; path = EventElement.swift; sourceTree = "<group>"; };
		6820BAF42A093EF900A3854D /* CategoryRow.swift */ = {isa = PBXFileReference; lastKnownFileType = sourcecode.swift; path = CategoryRow.swift; sourceTree = "<group>"; };
		682F555129F178D900C12DD6 /* InfoEventViewController.swift */ = {isa = PBXFileReference; lastKnownFileType = sourcecode.swift; path = InfoEventViewController.swift; sourceTree = "<group>"; };
		682F555229F178D900C12DD6 /* InfoEventViewController.xib */ = {isa = PBXFileReference; lastKnownFileType = file.xib; path = InfoEventViewController.xib; sourceTree = "<group>"; };
		6835909A29E7E35200C4BD00 /* TabBarViewController.swift */ = {isa = PBXFileReference; lastKnownFileType = sourcecode.swift; path = TabBarViewController.swift; sourceTree = "<group>"; };
		6835909B29E7E35200C4BD00 /* TabBarViewController.xib */ = {isa = PBXFileReference; lastKnownFileType = file.xib; path = TabBarViewController.xib; sourceTree = "<group>"; };
		683D647D29E6A2C200DA2247 /* HomeViewController.swift */ = {isa = PBXFileReference; lastKnownFileType = sourcecode.swift; path = HomeViewController.swift; sourceTree = "<group>"; };
		683D647E29E6A2C200DA2247 /* HomeViewController.xib */ = {isa = PBXFileReference; lastKnownFileType = file.xib; path = HomeViewController.xib; sourceTree = "<group>"; };
		683D648129E6A2DB00DA2247 /* HomePresenter.swift */ = {isa = PBXFileReference; lastKnownFileType = sourcecode.swift; path = HomePresenter.swift; sourceTree = "<group>"; };
		683D648329E6A31E00DA2247 /* EventService.swift */ = {isa = PBXFileReference; lastKnownFileType = sourcecode.swift; path = EventService.swift; sourceTree = "<group>"; };
		683D648B29E6C22700DA2247 /* ProfileViewController.swift */ = {isa = PBXFileReference; lastKnownFileType = sourcecode.swift; path = ProfileViewController.swift; sourceTree = "<group>"; };
		683D648C29E6C22700DA2247 /* ProfileViewController.xib */ = {isa = PBXFileReference; lastKnownFileType = file.xib; path = ProfileViewController.xib; sourceTree = "<group>"; };
		683D648F29E6C25100DA2247 /* ProfilePresenter.swift */ = {isa = PBXFileReference; lastKnownFileType = sourcecode.swift; path = ProfilePresenter.swift; sourceTree = "<group>"; };
		68541A7429E69A5D00BC39DD /* EventSharing.app */ = {isa = PBXFileReference; explicitFileType = wrapper.application; includeInIndex = 0; path = EventSharing.app; sourceTree = BUILT_PRODUCTS_DIR; };
		68541A8029E69A5F00BC39DD /* Assets.xcassets */ = {isa = PBXFileReference; lastKnownFileType = folder.assetcatalog; path = Assets.xcassets; sourceTree = "<group>"; };
		68541A8329E69A5F00BC39DD /* Base */ = {isa = PBXFileReference; lastKnownFileType = file.storyboard; name = Base; path = Base.lproj/LaunchScreen.storyboard; sourceTree = "<group>"; };
		68541A8529E69A5F00BC39DD /* Info.plist */ = {isa = PBXFileReference; lastKnownFileType = text.plist.xml; path = Info.plist; sourceTree = "<group>"; };
		68541A8C29E69A9500BC39DD /* LoginService.swift */ = {isa = PBXFileReference; fileEncoding = 4; lastKnownFileType = sourcecode.swift; path = LoginService.swift; sourceTree = "<group>"; };
		68541A8E29E69A9500BC39DD /* UserModel.swift */ = {isa = PBXFileReference; fileEncoding = 4; lastKnownFileType = sourcecode.swift; path = UserModel.swift; sourceTree = "<group>"; };
		68541A9029E69A9500BC39DD /* LoginViewController.swift */ = {isa = PBXFileReference; fileEncoding = 4; lastKnownFileType = sourcecode.swift; path = LoginViewController.swift; sourceTree = "<group>"; };
		68541A9129E69A9500BC39DD /* LoginPresenter.swift */ = {isa = PBXFileReference; fileEncoding = 4; lastKnownFileType = sourcecode.swift; path = LoginPresenter.swift; sourceTree = "<group>"; };
		68541A9229E69A9500BC39DD /* SignInViewController.swift */ = {isa = PBXFileReference; fileEncoding = 4; lastKnownFileType = sourcecode.swift; path = SignInViewController.swift; sourceTree = "<group>"; };
		68541A9429E69A9500BC39DD /* UserDefaultsManager.swift */ = {isa = PBXFileReference; fileEncoding = 4; lastKnownFileType = sourcecode.swift; path = UserDefaultsManager.swift; sourceTree = "<group>"; };
		68541A9B29E69AC100BC39DD /* Main.storyboard */ = {isa = PBXFileReference; fileEncoding = 4; lastKnownFileType = file.storyboard; path = Main.storyboard; sourceTree = "<group>"; };
		68541A9D29E69AC200BC39DD /* AppDelegate.swift */ = {isa = PBXFileReference; fileEncoding = 4; lastKnownFileType = sourcecode.swift; path = AppDelegate.swift; sourceTree = "<group>"; };
		68541A9E29E69AC300BC39DD /* SceneDelegate.swift */ = {isa = PBXFileReference; fileEncoding = 4; lastKnownFileType = sourcecode.swift; path = SceneDelegate.swift; sourceTree = "<group>"; };
		68541AA329E69B4C00BC39DD /* GoogleService-Info.plist */ = {isa = PBXFileReference; fileEncoding = 4; lastKnownFileType = text.plist.xml; path = "GoogleService-Info.plist"; sourceTree = "<group>"; };
		6881E25029EEF49200FFE107 /* ChooseLocationViewController.swift */ = {isa = PBXFileReference; lastKnownFileType = sourcecode.swift; path = ChooseLocationViewController.swift; sourceTree = "<group>"; };
		6881E25129EEF49200FFE107 /* ChooseLocationViewController.xib */ = {isa = PBXFileReference; lastKnownFileType = file.xib; path = ChooseLocationViewController.xib; sourceTree = "<group>"; };
		6884D16B2A1B940E004C9DCE /* InvitationViewController.swift */ = {isa = PBXFileReference; lastKnownFileType = sourcecode.swift; path = InvitationViewController.swift; sourceTree = "<group>"; };
		6884D16C2A1B940E004C9DCE /* InvitationViewController.xib */ = {isa = PBXFileReference; lastKnownFileType = file.xib; path = InvitationViewController.xib; sourceTree = "<group>"; };
		6884D16F2A1B95BF004C9DCE /* InvitationTableViewCell.swift */ = {isa = PBXFileReference; lastKnownFileType = sourcecode.swift; path = InvitationTableViewCell.swift; sourceTree = "<group>"; };
		6884D1702A1B95BF004C9DCE /* InvitationTableViewCell.xib */ = {isa = PBXFileReference; lastKnownFileType = file.xib; path = InvitationTableViewCell.xib; sourceTree = "<group>"; };
		688AD73629ED806300A6621B /* CreateViewController.xib */ = {isa = PBXFileReference; fileEncoding = 4; lastKnownFileType = file.xib; name = CreateViewController.xib; path = ../../../../../../Downloads/CreateViewController.xib; sourceTree = "<group>"; };
		688AD73829ED832A00A6621B /* EventModel.swift */ = {isa = PBXFileReference; lastKnownFileType = sourcecode.swift; path = EventModel.swift; sourceTree = "<group>"; };
		689C419C29ED4F3600186B21 /* PresenterManager.swift */ = {isa = PBXFileReference; lastKnownFileType = sourcecode.swift; path = PresenterManager.swift; sourceTree = "<group>"; };
		689C419E29ED54B100186B21 /* LoginViewController.xib */ = {isa = PBXFileReference; lastKnownFileType = file.xib; path = LoginViewController.xib; sourceTree = "<group>"; };
		689C41A029ED54C800186B21 /* SignInViewController.xib */ = {isa = PBXFileReference; lastKnownFileType = file.xib; path = SignInViewController.xib; sourceTree = "<group>"; };
		68A6CC8829F90BFA000A3FB9 /* EventMapAnnotation.swift */ = {isa = PBXFileReference; lastKnownFileType = sourcecode.swift; path = EventMapAnnotation.swift; sourceTree = "<group>"; };
		68AD57D62A1CE915009F788F /* UserTableViewCell.swift */ = {isa = PBXFileReference; lastKnownFileType = sourcecode.swift; path = UserTableViewCell.swift; sourceTree = "<group>"; };
		68AD57D72A1CE915009F788F /* UserTableViewCell.xib */ = {isa = PBXFileReference; lastKnownFileType = file.xib; path = UserTableViewCell.xib; sourceTree = "<group>"; };
		68AD57DA2A1CECCE009F788F /* UserListViewController.swift */ = {isa = PBXFileReference; lastKnownFileType = sourcecode.swift; path = UserListViewController.swift; sourceTree = "<group>"; };
		68AD57DB2A1CECCE009F788F /* UserListViewController.xib */ = {isa = PBXFileReference; lastKnownFileType = file.xib; path = UserListViewController.xib; sourceTree = "<group>"; };
		68AD57DE2A1D0E7A009F788F /* InvitationPresenter.swift */ = {isa = PBXFileReference; lastKnownFileType = sourcecode.swift; path = InvitationPresenter.swift; sourceTree = "<group>"; };
		68B7D5592A1E4D38003302B4 /* InvitationModel.swift */ = {isa = PBXFileReference; lastKnownFileType = sourcecode.swift; path = InvitationModel.swift; sourceTree = "<group>"; };
		68DD018629E946950054EC0E /* EventTableViewCell.swift */ = {isa = PBXFileReference; lastKnownFileType = sourcecode.swift; path = EventTableViewCell.swift; sourceTree = "<group>"; };
		68DD018729E946950054EC0E /* EventTableViewCell.xib */ = {isa = PBXFileReference; lastKnownFileType = file.xib; path = EventTableViewCell.xib; sourceTree = "<group>"; };
		68DD018A29E9816C0054EC0E /* CreateViewController.swift */ = {isa = PBXFileReference; lastKnownFileType = sourcecode.swift; path = CreateViewController.swift; sourceTree = "<group>"; };
		68DD018E29E982010054EC0E /* EventPresenter.swift */ = {isa = PBXFileReference; lastKnownFileType = sourcecode.swift; path = EventPresenter.swift; sourceTree = "<group>"; };
		68EA2E082A04F3CB000CB8B4 /* EventListViewController.swift */ = {isa = PBXFileReference; lastKnownFileType = sourcecode.swift; path = EventListViewController.swift; sourceTree = "<group>"; };
		68EA2E092A04F3CB000CB8B4 /* EventListViewController.xib */ = {isa = PBXFileReference; lastKnownFileType = file.xib; path = EventListViewController.xib; sourceTree = "<group>"; };
		68EA2E0C2A050536000CB8B4 /* ScannerViewController.swift */ = {isa = PBXFileReference; lastKnownFileType = sourcecode.swift; path = ScannerViewController.swift; sourceTree = "<group>"; };
		68EA2E0D2A050536000CB8B4 /* ScannerViewController.xib */ = {isa = PBXFileReference; lastKnownFileType = file.xib; path = ScannerViewController.xib; sourceTree = "<group>"; };
		68EA2E112A050739000CB8B4 /* ScannerPresenter.swift */ = {isa = PBXFileReference; lastKnownFileType = sourcecode.swift; path = ScannerPresenter.swift; sourceTree = "<group>"; };
		68EB19CC2A210E350012F742 /* ForgotPwViewController.swift */ = {isa = PBXFileReference; lastKnownFileType = sourcecode.swift; path = ForgotPwViewController.swift; sourceTree = "<group>"; };
		68EB19CD2A210E350012F742 /* ForgotPwViewController.xib */ = {isa = PBXFileReference; lastKnownFileType = file.xib; path = ForgotPwViewController.xib; sourceTree = "<group>"; };
		68FB7D2D2A175C0700ED797C /* CustomTextField.swift */ = {isa = PBXFileReference; lastKnownFileType = sourcecode.swift; path = CustomTextField.swift; sourceTree = "<group>"; };
/* End PBXFileReference section */

/* Begin PBXFrameworksBuildPhase section */
		68541A7129E69A5D00BC39DD /* Frameworks */ = {
			isa = PBXFrameworksBuildPhase;
			buildActionMask = 2147483647;
			files = (
				683D648729E6B18B00DA2247 /* GoogleSignIn in Frameworks */,
				68541AA729E69C7B00BC39DD /* FirebaseAnalyticsWithoutAdIdSupport in Frameworks */,
				68541AAD29E69C7B00BC39DD /* FirebaseCrashlytics in Frameworks */,
				683D648929E6B18B00DA2247 /* GoogleSignInSwift in Frameworks */,
				68541AAB29E69C7B00BC39DD /* FirebaseAuthCombine-Community in Frameworks */,
				68541AA929E69C7B00BC39DD /* FirebaseAuth in Frameworks */,
			);
			runOnlyForDeploymentPostprocessing = 0;
		};
/* End PBXFrameworksBuildPhase section */

/* Begin PBXGroup section */
		6820BAED2A08FDE800A3854D /* Explore */ = {
			isa = PBXGroup;
			children = (
				6820BAEE2A08FE0700A3854D /* Explore.swift */,
				6820BAF02A0920B100A3854D /* EventElement.swift */,
				6820BAF42A093EF900A3854D /* CategoryRow.swift */,
			);
			path = Explore;
			sourceTree = "<group>";
		};
		683D647C29E6A27100DA2247 /* Home */ = {
			isa = PBXGroup;
			children = (
				683D647D29E6A2C200DA2247 /* HomeViewController.swift */,
				683D647E29E6A2C200DA2247 /* HomeViewController.xib */,
				683D648129E6A2DB00DA2247 /* HomePresenter.swift */,
			);
			path = Home;
			sourceTree = "<group>";
		};
		683D648A29E6C1DA00DA2247 /* User */ = {
			isa = PBXGroup;
			children = (
				68AD57D62A1CE915009F788F /* UserTableViewCell.swift */,
				68AD57D72A1CE915009F788F /* UserTableViewCell.xib */,
				683D648B29E6C22700DA2247 /* ProfileViewController.swift */,
				683D648C29E6C22700DA2247 /* ProfileViewController.xib */,
				683D648F29E6C25100DA2247 /* ProfilePresenter.swift */,
				68AD57DA2A1CECCE009F788F /* UserListViewController.swift */,
				68AD57DB2A1CECCE009F788F /* UserListViewController.xib */,
			);
			path = User;
			sourceTree = "<group>";
		};
		68541A6B29E69A5D00BC39DD = {
			isa = PBXGroup;
			children = (
				68541A7629E69A5D00BC39DD /* EventSharing */,
				68541A7529E69A5D00BC39DD /* Products */,
			);
			sourceTree = "<group>";
		};
		68541A7529E69A5D00BC39DD /* Products */ = {
			isa = PBXGroup;
			children = (
				68541A7429E69A5D00BC39DD /* EventSharing.app */,
			);
			name = Products;
			sourceTree = "<group>";
		};
		68541A7629E69A5D00BC39DD /* EventSharing */ = {
			isa = PBXGroup;
			children = (
				6884D16A2A1B93E9004C9DCE /* Invitations */,
				6820BAED2A08FDE800A3854D /* Explore */,
				68EA2E102A0506E7000CB8B4 /* Scanner */,
				68DD018529E9458A0054EC0E /* Event */,
				683D648A29E6C1DA00DA2247 /* User */,
				683D647C29E6A27100DA2247 /* Home */,
				68541A8F29E69A9500BC39DD /* Login */,
				68541A8D29E69A9500BC39DD /* Models */,
				68541A8B29E69A9500BC39DD /* Services */,
				68541A9329E69A9500BC39DD /* Utils */,
				68541A9B29E69AC100BC39DD /* Main.storyboard */,
				68541A9D29E69AC200BC39DD /* AppDelegate.swift */,
				68541A9E29E69AC300BC39DD /* SceneDelegate.swift */,
				68541A8029E69A5F00BC39DD /* Assets.xcassets */,
				68541A8229E69A5F00BC39DD /* LaunchScreen.storyboard */,
				68541A8529E69A5F00BC39DD /* Info.plist */,
				68541AA329E69B4C00BC39DD /* GoogleService-Info.plist */,
			);
			path = EventSharing;
			sourceTree = "<group>";
		};
		68541A8B29E69A9500BC39DD /* Services */ = {
			isa = PBXGroup;
			children = (
				68541A8C29E69A9500BC39DD /* LoginService.swift */,
				683D648329E6A31E00DA2247 /* EventService.swift */,
				680744CF29E80B960020CC0E /* UserService.swift */,
			);
			path = Services;
			sourceTree = "<group>";
		};
		68541A8D29E69A9500BC39DD /* Models */ = {
			isa = PBXGroup;
			children = (
				68541A8E29E69A9500BC39DD /* UserModel.swift */,
				688AD73829ED832A00A6621B /* EventModel.swift */,
				68B7D5592A1E4D38003302B4 /* InvitationModel.swift */,
			);
			path = Models;
			sourceTree = "<group>";
		};
		68541A8F29E69A9500BC39DD /* Login */ = {
			isa = PBXGroup;
			children = (
				68541A9029E69A9500BC39DD /* LoginViewController.swift */,
				68541A9129E69A9500BC39DD /* LoginPresenter.swift */,
				68541A9229E69A9500BC39DD /* SignInViewController.swift */,
				689C419E29ED54B100186B21 /* LoginViewController.xib */,
				689C41A029ED54C800186B21 /* SignInViewController.xib */,
				68EB19CC2A210E350012F742 /* ForgotPwViewController.swift */,
				68EB19CD2A210E350012F742 /* ForgotPwViewController.xib */,
			);
			path = Login;
			sourceTree = "<group>";
		};
		68541A9329E69A9500BC39DD /* Utils */ = {
			isa = PBXGroup;
			children = (
				6835909A29E7E35200C4BD00 /* TabBarViewController.swift */,
				6835909B29E7E35200C4BD00 /* TabBarViewController.xib */,
				68541A9429E69A9500BC39DD /* UserDefaultsManager.swift */,
				689C419C29ED4F3600186B21 /* PresenterManager.swift */,
				68A6CC8829F90BFA000A3FB9 /* EventMapAnnotation.swift */,
				6820BAEB2A08EC8700A3854D /* Category.swift */,
				681A2F722A0E880000339C2F /* SimpleMapAnnotation.swift */,
				68FB7D2D2A175C0700ED797C /* CustomTextField.swift */,
			);
			path = Utils;
			sourceTree = "<group>";
		};
		6884D16A2A1B93E9004C9DCE /* Invitations */ = {
			isa = PBXGroup;
			children = (
				6884D16B2A1B940E004C9DCE /* InvitationViewController.swift */,
				6884D16C2A1B940E004C9DCE /* InvitationViewController.xib */,
				6884D16F2A1B95BF004C9DCE /* InvitationTableViewCell.swift */,
				6884D1702A1B95BF004C9DCE /* InvitationTableViewCell.xib */,
				68AD57DE2A1D0E7A009F788F /* InvitationPresenter.swift */,
			);
			path = Invitations;
			sourceTree = "<group>";
		};
		68DD018529E9458A0054EC0E /* Event */ = {
			isa = PBXGroup;
			children = (
				68DD018629E946950054EC0E /* EventTableViewCell.swift */,
				68DD018729E946950054EC0E /* EventTableViewCell.xib */,
				68DD018A29E9816C0054EC0E /* CreateViewController.swift */,
				688AD73629ED806300A6621B /* CreateViewController.xib */,
				68DD018E29E982010054EC0E /* EventPresenter.swift */,
				6881E25029EEF49200FFE107 /* ChooseLocationViewController.swift */,
				6881E25129EEF49200FFE107 /* ChooseLocationViewController.xib */,
				682F555129F178D900C12DD6 /* InfoEventViewController.swift */,
				682F555229F178D900C12DD6 /* InfoEventViewController.xib */,
				68EA2E082A04F3CB000CB8B4 /* EventListViewController.swift */,
				68EA2E092A04F3CB000CB8B4 /* EventListViewController.xib */,
			);
			path = Event;
			sourceTree = "<group>";
		};
		68EA2E102A0506E7000CB8B4 /* Scanner */ = {
			isa = PBXGroup;
			children = (
				68EA2E0C2A050536000CB8B4 /* ScannerViewController.swift */,
				68EA2E0D2A050536000CB8B4 /* ScannerViewController.xib */,
				68EA2E112A050739000CB8B4 /* ScannerPresenter.swift */,
			);
			path = Scanner;
			sourceTree = "<group>";
		};
/* End PBXGroup section */

/* Begin PBXNativeTarget section */
		68541A7329E69A5D00BC39DD /* EventSharing */ = {
			isa = PBXNativeTarget;
			buildConfigurationList = 68541A8829E69A5F00BC39DD /* Build configuration list for PBXNativeTarget "EventSharing" */;
			buildPhases = (
				68541A7029E69A5D00BC39DD /* Sources */,
				68541A7129E69A5D00BC39DD /* Frameworks */,
				68541A7229E69A5D00BC39DD /* Resources */,
			);
			buildRules = (
			);
			dependencies = (
			);
			name = EventSharing;
			packageProductDependencies = (
				68541AA629E69C7B00BC39DD /* FirebaseAnalyticsWithoutAdIdSupport */,
				68541AA829E69C7B00BC39DD /* FirebaseAuth */,
				68541AAA29E69C7B00BC39DD /* FirebaseAuthCombine-Community */,
				68541AAC29E69C7B00BC39DD /* FirebaseCrashlytics */,
				683D648629E6B18B00DA2247 /* GoogleSignIn */,
				683D648829E6B18B00DA2247 /* GoogleSignInSwift */,
			);
			productName = EventSharing;
			productReference = 68541A7429E69A5D00BC39DD /* EventSharing.app */;
			productType = "com.apple.product-type.application";
		};
/* End PBXNativeTarget section */

/* Begin PBXProject section */
		68541A6C29E69A5D00BC39DD /* Project object */ = {
			isa = PBXProject;
			attributes = {
				BuildIndependentTargetsInParallel = 1;
				LastSwiftUpdateCheck = 1420;
				LastUpgradeCheck = 1420;
				TargetAttributes = {
					68541A7329E69A5D00BC39DD = {
						CreatedOnToolsVersion = 14.2;
					};
				};
			};
			buildConfigurationList = 68541A6F29E69A5D00BC39DD /* Build configuration list for PBXProject "EventSharing" */;
			compatibilityVersion = "Xcode 14.0";
			developmentRegion = en;
			hasScannedForEncodings = 0;
			knownRegions = (
				en,
				Base,
			);
			mainGroup = 68541A6B29E69A5D00BC39DD;
			packageReferences = (
				68541AA529E69C7B00BC39DD /* XCRemoteSwiftPackageReference "firebase-ios-sdk" */,
				683D648529E6B18B00DA2247 /* XCRemoteSwiftPackageReference "GoogleSignIn-iOS" */,
			);
			productRefGroup = 68541A7529E69A5D00BC39DD /* Products */;
			projectDirPath = "";
			projectRoot = "";
			targets = (
				68541A7329E69A5D00BC39DD /* EventSharing */,
			);
		};
/* End PBXProject section */

/* Begin PBXResourcesBuildPhase section */
		68541A7229E69A5D00BC39DD /* Resources */ = {
			isa = PBXResourcesBuildPhase;
			buildActionMask = 2147483647;
			files = (
				682F555429F178D900C12DD6 /* InfoEventViewController.xib in Resources */,
				6884D1722A1B95BF004C9DCE /* InvitationTableViewCell.xib in Resources */,
				68EB19CF2A210E350012F742 /* ForgotPwViewController.xib in Resources */,
				6884D16E2A1B940E004C9DCE /* InvitationViewController.xib in Resources */,
				6881E25329EEF49200FFE107 /* ChooseLocationViewController.xib in Resources */,
				689C419F29ED54B100186B21 /* LoginViewController.xib in Resources */,
				683D648E29E6C22700DA2247 /* ProfileViewController.xib in Resources */,
				68541A9F29E69AC300BC39DD /* Main.storyboard in Resources */,
				68541AA429E69B4C00BC39DD /* GoogleService-Info.plist in Resources */,
				683D648029E6A2C200DA2247 /* HomeViewController.xib in Resources */,
				68EA2E0B2A04F3CB000CB8B4 /* EventListViewController.xib in Resources */,
				68AD57DD2A1CECCE009F788F /* UserListViewController.xib in Resources */,
				68DD018929E946950054EC0E /* EventTableViewCell.xib in Resources */,
				68EA2E0F2A050536000CB8B4 /* ScannerViewController.xib in Resources */,
				68541A8429E69A5F00BC39DD /* LaunchScreen.storyboard in Resources */,
				68AD57D92A1CE915009F788F /* UserTableViewCell.xib in Resources */,
				688AD73729ED806300A6621B /* CreateViewController.xib in Resources */,
				689C41A129ED54C800186B21 /* SignInViewController.xib in Resources */,
				68541A8129E69A5F00BC39DD /* Assets.xcassets in Resources */,
				6835909D29E7E35200C4BD00 /* TabBarViewController.xib in Resources */,
			);
			runOnlyForDeploymentPostprocessing = 0;
		};
/* End PBXResourcesBuildPhase section */

/* Begin PBXSourcesBuildPhase section */
		68541A7029E69A5D00BC39DD /* Sources */ = {
			isa = PBXSourcesBuildPhase;
			buildActionMask = 2147483647;
			files = (
				68DD018829E946950054EC0E /* EventTableViewCell.swift in Sources */,
				68541AA129E69AC300BC39DD /* AppDelegate.swift in Sources */,
				6835909C29E7E35200C4BD00 /* TabBarViewController.swift in Sources */,
				68541A9729E69A9600BC39DD /* LoginViewController.swift in Sources */,
				688AD73929ED832A00A6621B /* EventModel.swift in Sources */,
				68AD57DC2A1CECCE009F788F /* UserListViewController.swift in Sources */,
				682F555329F178D900C12DD6 /* InfoEventViewController.swift in Sources */,
				6820BAF12A0920B100A3854D /* EventElement.swift in Sources */,
				68541AA229E69AC300BC39DD /* SceneDelegate.swift in Sources */,
				6881E25229EEF49200FFE107 /* ChooseLocationViewController.swift in Sources */,
				68AD57D82A1CE915009F788F /* UserTableViewCell.swift in Sources */,
				68541A9829E69A9600BC39DD /* LoginPresenter.swift in Sources */,
				68541A9929E69A9600BC39DD /* SignInViewController.swift in Sources */,
				68DD018C29E9816C0054EC0E /* CreateViewController.swift in Sources */,
				683D647F29E6A2C200DA2247 /* HomeViewController.swift in Sources */,
				683D648429E6A31E00DA2247 /* EventService.swift in Sources */,
				68EA2E0E2A050536000CB8B4 /* ScannerViewController.swift in Sources */,
				68EA2E0A2A04F3CB000CB8B4 /* EventListViewController.swift in Sources */,
				68B7D55A2A1E4D38003302B4 /* InvitationModel.swift in Sources */,
				68A6CC8929F90BFA000A3FB9 /* EventMapAnnotation.swift in Sources */,
				68541A9A29E69A9600BC39DD /* UserDefaultsManager.swift in Sources */,
				68EB19CE2A210E350012F742 /* ForgotPwViewController.swift in Sources */,
				6884D16D2A1B940E004C9DCE /* InvitationViewController.swift in Sources */,
				6820BAF52A093EF900A3854D /* CategoryRow.swift in Sources */,
				68DD018F29E982010054EC0E /* EventPresenter.swift in Sources */,
				68FB7D2E2A175C0700ED797C /* CustomTextField.swift in Sources */,
				68541A9629E69A9600BC39DD /* UserModel.swift in Sources */,
				6820BAEF2A08FE0700A3854D /* Explore.swift in Sources */,
				681A2F732A0E880000339C2F /* SimpleMapAnnotation.swift in Sources */,
				683D649029E6C25100DA2247 /* ProfilePresenter.swift in Sources */,
				68AD57DF2A1D0E7A009F788F /* InvitationPresenter.swift in Sources */,
				689C419D29ED4F3600186B21 /* PresenterManager.swift in Sources */,
				68EA2E122A050739000CB8B4 /* ScannerPresenter.swift in Sources */,
				680744D029E80B960020CC0E /* UserService.swift in Sources */,
				6820BAEC2A08EC8700A3854D /* Category.swift in Sources */,
				683D648D29E6C22700DA2247 /* ProfileViewController.swift in Sources */,
				68541A9529E69A9600BC39DD /* LoginService.swift in Sources */,
				6884D1712A1B95BF004C9DCE /* InvitationTableViewCell.swift in Sources */,
				683D648229E6A2DB00DA2247 /* HomePresenter.swift in Sources */,
			);
			runOnlyForDeploymentPostprocessing = 0;
		};
/* End PBXSourcesBuildPhase section */

/* Begin PBXVariantGroup section */
		68541A8229E69A5F00BC39DD /* LaunchScreen.storyboard */ = {
			isa = PBXVariantGroup;
			children = (
				68541A8329E69A5F00BC39DD /* Base */,
			);
			name = LaunchScreen.storyboard;
			sourceTree = "<group>";
		};
/* End PBXVariantGroup section */

/* Begin XCBuildConfiguration section */
		68541A8629E69A5F00BC39DD /* Debug */ = {
			isa = XCBuildConfiguration;
			buildSettings = {
				ALWAYS_SEARCH_USER_PATHS = NO;
				CLANG_ANALYZER_NONNULL = YES;
				CLANG_ANALYZER_NUMBER_OBJECT_CONVERSION = YES_AGGRESSIVE;
				CLANG_CXX_LANGUAGE_STANDARD = "gnu++20";
				CLANG_ENABLE_MODULES = YES;
				CLANG_ENABLE_OBJC_ARC = YES;
				CLANG_ENABLE_OBJC_WEAK = YES;
				CLANG_WARN_BLOCK_CAPTURE_AUTORELEASING = YES;
				CLANG_WARN_BOOL_CONVERSION = YES;
				CLANG_WARN_COMMA = YES;
				CLANG_WARN_CONSTANT_CONVERSION = YES;
				CLANG_WARN_DEPRECATED_OBJC_IMPLEMENTATIONS = YES;
				CLANG_WARN_DIRECT_OBJC_ISA_USAGE = YES_ERROR;
				CLANG_WARN_DOCUMENTATION_COMMENTS = YES;
				CLANG_WARN_EMPTY_BODY = YES;
				CLANG_WARN_ENUM_CONVERSION = YES;
				CLANG_WARN_INFINITE_RECURSION = YES;
				CLANG_WARN_INT_CONVERSION = YES;
				CLANG_WARN_NON_LITERAL_NULL_CONVERSION = YES;
				CLANG_WARN_OBJC_IMPLICIT_RETAIN_SELF = YES;
				CLANG_WARN_OBJC_LITERAL_CONVERSION = YES;
				CLANG_WARN_OBJC_ROOT_CLASS = YES_ERROR;
				CLANG_WARN_QUOTED_INCLUDE_IN_FRAMEWORK_HEADER = YES;
				CLANG_WARN_RANGE_LOOP_ANALYSIS = YES;
				CLANG_WARN_STRICT_PROTOTYPES = YES;
				CLANG_WARN_SUSPICIOUS_MOVE = YES;
				CLANG_WARN_UNGUARDED_AVAILABILITY = YES_AGGRESSIVE;
				CLANG_WARN_UNREACHABLE_CODE = YES;
				CLANG_WARN__DUPLICATE_METHOD_MATCH = YES;
				COPY_PHASE_STRIP = NO;
				DEBUG_INFORMATION_FORMAT = dwarf;
				ENABLE_STRICT_OBJC_MSGSEND = YES;
				ENABLE_TESTABILITY = YES;
				GCC_C_LANGUAGE_STANDARD = gnu11;
				GCC_DYNAMIC_NO_PIC = NO;
				GCC_NO_COMMON_BLOCKS = YES;
				GCC_OPTIMIZATION_LEVEL = 0;
				GCC_PREPROCESSOR_DEFINITIONS = (
					"DEBUG=1",
					"$(inherited)",
				);
				GCC_WARN_64_TO_32_BIT_CONVERSION = YES;
				GCC_WARN_ABOUT_RETURN_TYPE = YES_ERROR;
				GCC_WARN_UNDECLARED_SELECTOR = YES;
				GCC_WARN_UNINITIALIZED_AUTOS = YES_AGGRESSIVE;
				GCC_WARN_UNUSED_FUNCTION = YES;
				GCC_WARN_UNUSED_VARIABLE = YES;
				IPHONEOS_DEPLOYMENT_TARGET = 16.2;
				MTL_ENABLE_DEBUG_INFO = INCLUDE_SOURCE;
				MTL_FAST_MATH = YES;
				ONLY_ACTIVE_ARCH = YES;
				SDKROOT = iphoneos;
				SWIFT_ACTIVE_COMPILATION_CONDITIONS = DEBUG;
				SWIFT_OPTIMIZATION_LEVEL = "-Onone";
			};
			name = Debug;
		};
		68541A8729E69A5F00BC39DD /* Release */ = {
			isa = XCBuildConfiguration;
			buildSettings = {
				ALWAYS_SEARCH_USER_PATHS = NO;
				CLANG_ANALYZER_NONNULL = YES;
				CLANG_ANALYZER_NUMBER_OBJECT_CONVERSION = YES_AGGRESSIVE;
				CLANG_CXX_LANGUAGE_STANDARD = "gnu++20";
				CLANG_ENABLE_MODULES = YES;
				CLANG_ENABLE_OBJC_ARC = YES;
				CLANG_ENABLE_OBJC_WEAK = YES;
				CLANG_WARN_BLOCK_CAPTURE_AUTORELEASING = YES;
				CLANG_WARN_BOOL_CONVERSION = YES;
				CLANG_WARN_COMMA = YES;
				CLANG_WARN_CONSTANT_CONVERSION = YES;
				CLANG_WARN_DEPRECATED_OBJC_IMPLEMENTATIONS = YES;
				CLANG_WARN_DIRECT_OBJC_ISA_USAGE = YES_ERROR;
				CLANG_WARN_DOCUMENTATION_COMMENTS = YES;
				CLANG_WARN_EMPTY_BODY = YES;
				CLANG_WARN_ENUM_CONVERSION = YES;
				CLANG_WARN_INFINITE_RECURSION = YES;
				CLANG_WARN_INT_CONVERSION = YES;
				CLANG_WARN_NON_LITERAL_NULL_CONVERSION = YES;
				CLANG_WARN_OBJC_IMPLICIT_RETAIN_SELF = YES;
				CLANG_WARN_OBJC_LITERAL_CONVERSION = YES;
				CLANG_WARN_OBJC_ROOT_CLASS = YES_ERROR;
				CLANG_WARN_QUOTED_INCLUDE_IN_FRAMEWORK_HEADER = YES;
				CLANG_WARN_RANGE_LOOP_ANALYSIS = YES;
				CLANG_WARN_STRICT_PROTOTYPES = YES;
				CLANG_WARN_SUSPICIOUS_MOVE = YES;
				CLANG_WARN_UNGUARDED_AVAILABILITY = YES_AGGRESSIVE;
				CLANG_WARN_UNREACHABLE_CODE = YES;
				CLANG_WARN__DUPLICATE_METHOD_MATCH = YES;
				COPY_PHASE_STRIP = NO;
				DEBUG_INFORMATION_FORMAT = "dwarf-with-dsym";
				ENABLE_NS_ASSERTIONS = NO;
				ENABLE_STRICT_OBJC_MSGSEND = YES;
				GCC_C_LANGUAGE_STANDARD = gnu11;
				GCC_NO_COMMON_BLOCKS = YES;
				GCC_WARN_64_TO_32_BIT_CONVERSION = YES;
				GCC_WARN_ABOUT_RETURN_TYPE = YES_ERROR;
				GCC_WARN_UNDECLARED_SELECTOR = YES;
				GCC_WARN_UNINITIALIZED_AUTOS = YES_AGGRESSIVE;
				GCC_WARN_UNUSED_FUNCTION = YES;
				GCC_WARN_UNUSED_VARIABLE = YES;
				IPHONEOS_DEPLOYMENT_TARGET = 16.2;
				MTL_ENABLE_DEBUG_INFO = NO;
				MTL_FAST_MATH = YES;
				SDKROOT = iphoneos;
				SWIFT_COMPILATION_MODE = wholemodule;
				SWIFT_OPTIMIZATION_LEVEL = "-O";
				VALIDATE_PRODUCT = YES;
			};
			name = Release;
		};
		68541A8929E69A5F00BC39DD /* Debug */ = {
			isa = XCBuildConfiguration;
			buildSettings = {
				ASSETCATALOG_COMPILER_APPICON_NAME = AppIcon;
				ASSETCATALOG_COMPILER_GLOBAL_ACCENT_COLOR_NAME = AccentColor;
				CODE_SIGN_STYLE = Automatic;
				CURRENT_PROJECT_VERSION = 1;
				DEVELOPMENT_TEAM = 5SD599UK6B;
				GENERATE_INFOPLIST_FILE = YES;
				INFOPLIST_FILE = EventSharing/Info.plist;
				INFOPLIST_KEY_UIApplicationSupportsIndirectInputEvents = YES;
				INFOPLIST_KEY_UILaunchStoryboardName = LaunchScreen;
				INFOPLIST_KEY_UIMainStoryboardFile = Main;
				INFOPLIST_KEY_UISupportedInterfaceOrientations_iPad = "UIInterfaceOrientationPortrait UIInterfaceOrientationPortraitUpsideDown UIInterfaceOrientationLandscapeLeft UIInterfaceOrientationLandscapeRight";
				INFOPLIST_KEY_UISupportedInterfaceOrientations_iPhone = "UIInterfaceOrientationPortrait UIInterfaceOrientationLandscapeLeft UIInterfaceOrientationLandscapeRight";
				IPHONEOS_DEPLOYMENT_TARGET = 15.6;
				LD_RUNPATH_SEARCH_PATHS = (
					"$(inherited)",
					"@executable_path/Frameworks",
				);
				MARKETING_VERSION = 1.0;
				PRODUCT_BUNDLE_IDENTIFIER = com.EventSharing;
				PRODUCT_NAME = "$(TARGET_NAME)";
				SWIFT_EMIT_LOC_STRINGS = YES;
				SWIFT_VERSION = 5.0;
				TARGETED_DEVICE_FAMILY = "1,2";
			};
			name = Debug;
		};
		68541A8A29E69A5F00BC39DD /* Release */ = {
			isa = XCBuildConfiguration;
			buildSettings = {
				ASSETCATALOG_COMPILER_APPICON_NAME = AppIcon;
				ASSETCATALOG_COMPILER_GLOBAL_ACCENT_COLOR_NAME = AccentColor;
				CODE_SIGN_STYLE = Automatic;
				CURRENT_PROJECT_VERSION = 1;
				DEVELOPMENT_TEAM = 5SD599UK6B;
				GENERATE_INFOPLIST_FILE = YES;
				INFOPLIST_FILE = EventSharing/Info.plist;
				INFOPLIST_KEY_UIApplicationSupportsIndirectInputEvents = YES;
				INFOPLIST_KEY_UILaunchStoryboardName = LaunchScreen;
				INFOPLIST_KEY_UIMainStoryboardFile = Main;
				INFOPLIST_KEY_UISupportedInterfaceOrientations_iPad = "UIInterfaceOrientationPortrait UIInterfaceOrientationPortraitUpsideDown UIInterfaceOrientationLandscapeLeft UIInterfaceOrientationLandscapeRight";
				INFOPLIST_KEY_UISupportedInterfaceOrientations_iPhone = "UIInterfaceOrientationPortrait UIInterfaceOrientationLandscapeLeft UIInterfaceOrientationLandscapeRight";
				IPHONEOS_DEPLOYMENT_TARGET = 15.6;
				LD_RUNPATH_SEARCH_PATHS = (
					"$(inherited)",
					"@executable_path/Frameworks",
				);
				MARKETING_VERSION = 1.0;
				PRODUCT_BUNDLE_IDENTIFIER = com.EventSharing;
				PRODUCT_NAME = "$(TARGET_NAME)";
				SWIFT_EMIT_LOC_STRINGS = YES;
				SWIFT_VERSION = 5.0;
				TARGETED_DEVICE_FAMILY = "1,2";
			};
			name = Release;
		};
/* End XCBuildConfiguration section */

/* Begin XCConfigurationList section */
		68541A6F29E69A5D00BC39DD /* Build configuration list for PBXProject "EventSharing" */ = {
			isa = XCConfigurationList;
			buildConfigurations = (
				68541A8629E69A5F00BC39DD /* Debug */,
				68541A8729E69A5F00BC39DD /* Release */,
			);
			defaultConfigurationIsVisible = 0;
			defaultConfigurationName = Release;
		};
		68541A8829E69A5F00BC39DD /* Build configuration list for PBXNativeTarget "EventSharing" */ = {
			isa = XCConfigurationList;
			buildConfigurations = (
				68541A8929E69A5F00BC39DD /* Debug */,
				68541A8A29E69A5F00BC39DD /* Release */,
			);
			defaultConfigurationIsVisible = 0;
			defaultConfigurationName = Release;
		};
/* End XCConfigurationList section */

/* Begin XCRemoteSwiftPackageReference section */
		683D648529E6B18B00DA2247 /* XCRemoteSwiftPackageReference "GoogleSignIn-iOS" */ = {
			isa = XCRemoteSwiftPackageReference;
			repositoryURL = "https://github.com/google/GoogleSignIn-iOS";
			requirement = {
				kind = upToNextMajorVersion;
				minimumVersion = 7.0.0;
			};
		};
		68541AA529E69C7B00BC39DD /* XCRemoteSwiftPackageReference "firebase-ios-sdk" */ = {
			isa = XCRemoteSwiftPackageReference;
			repositoryURL = "https://github.com/firebase/firebase-ios-sdk";
			requirement = {
				kind = upToNextMajorVersion;
				minimumVersion = 9.0.0;
			};
		};
/* End XCRemoteSwiftPackageReference section */

/* Begin XCSwiftPackageProductDependency section */
		683D648629E6B18B00DA2247 /* GoogleSignIn */ = {
			isa = XCSwiftPackageProductDependency;
			package = 683D648529E6B18B00DA2247 /* XCRemoteSwiftPackageReference "GoogleSignIn-iOS" */;
			productName = GoogleSignIn;
		};
		683D648829E6B18B00DA2247 /* GoogleSignInSwift */ = {
			isa = XCSwiftPackageProductDependency;
			package = 683D648529E6B18B00DA2247 /* XCRemoteSwiftPackageReference "GoogleSignIn-iOS" */;
			productName = GoogleSignInSwift;
		};
		68541AA629E69C7B00BC39DD /* FirebaseAnalyticsWithoutAdIdSupport */ = {
			isa = XCSwiftPackageProductDependency;
			package = 68541AA529E69C7B00BC39DD /* XCRemoteSwiftPackageReference "firebase-ios-sdk" */;
			productName = FirebaseAnalyticsWithoutAdIdSupport;
		};
		68541AA829E69C7B00BC39DD /* FirebaseAuth */ = {
			isa = XCSwiftPackageProductDependency;
			package = 68541AA529E69C7B00BC39DD /* XCRemoteSwiftPackageReference "firebase-ios-sdk" */;
			productName = FirebaseAuth;
		};
		68541AAA29E69C7B00BC39DD /* FirebaseAuthCombine-Community */ = {
			isa = XCSwiftPackageProductDependency;
			package = 68541AA529E69C7B00BC39DD /* XCRemoteSwiftPackageReference "firebase-ios-sdk" */;
			productName = "FirebaseAuthCombine-Community";
		};
		68541AAC29E69C7B00BC39DD /* FirebaseCrashlytics */ = {
			isa = XCSwiftPackageProductDependency;
			package = 68541AA529E69C7B00BC39DD /* XCRemoteSwiftPackageReference "firebase-ios-sdk" */;
			productName = FirebaseCrashlytics;
		};
/* End XCSwiftPackageProductDependency section */
	};
	rootObject = 68541A6C29E69A5D00BC39DD /* Project object */;
}
